
Microsoft Visual Studio Solution File, Format Version 12.00
# Visual Studio Version 16
VisualStudioVersion = 16.0.31613.86
MinimumVisualStudioVersion = 10.0.40219.1
Project("{9A19103F-16F7-4668-BE54-9A1E7A4F7556}") = "AspNetCoreApi", "AspNetCoreApi\AspNetCoreApi.csproj", "{FA205958-421E-4FE4-A205-C200D4FD6FDE}"
EndProject
Global
	GlobalSection(SolutionConfigurationPlatforms) = preSolution
		Debug|Any CPU = Debug|Any CPU
		Release|Any CPU = Release|Any CPU
	EndGlobalSection
	GlobalSection(ProjectConfigurationPlatforms) = postSolution
		{FA205958-421E-4FE4-A205-C200D4FD6FDE}.Debug|Any CPU.ActiveCfg = Debug|Any CPU
		{FA205958-421E-4FE4-A205-C200D4FD6FDE}.Debug|Any CPU.Build.0 = Debug|Any CPU
		{FA205958-421E-4FE4-A205-C200D4FD6FDE}.Release|Any CPU.ActiveCfg = Release|Any CPU
		{FA205958-421E-4FE4-A205-C200D4FD6FDE}.Release|Any CPU.Build.0 = Release|Any CPU
	EndGlobalSection
	GlobalSection(SolutionProperties) = preSolution
		HideSolutionNode = FALSE
	EndGlobalSection
	GlobalSection(ExtensibilityGlobals) = postSolution
		SolutionGuid = {1504AE3B-4983-4D90-8DA4-CF1B72FFB868}
	EndGlobalSection
EndGlobal
